# This file is autogenerated, do not edit; changes may be undone by the next 'dep ensure'.


[[projects]]
  name = "github.com/Azure/azure-sdk-for-go"
  packages = ["services/keyvault/2016-10-01/keyvault","version"]
  revision = "1e334c402ea1460704b0263e5d188f28ad946ce1"
  version = "v14.1.1"

[[projects]]
  name = "github.com/Azure/go-autorest"
  packages = ["autorest","autorest/adal","autorest/azure","autorest/date","autorest/to","autorest/validation"]
  revision = "1e3943ee722538420f21945f4bc820347abe433d"
  version = "v10.1.2"

[[projects]]
  name = "github.com/dgrijalva/jwt-go"
  packages = ["."]
  revision = "dbeaa9332f19a944acb5736b4456cfcc02140e29"
  version = "v3.1.0"

[[projects]]
  name = "github.com/subosito/gotenv"
  packages = ["."]
  revision = "009e1f9581dc712aba5682a279dee155ca3eeded"
  version = "v1.1.0"

[solve-meta]
  analyzer-name = "dep"
  analyzer-version = 1
  inputs-digest = "1a8f5b48d7521c5b72ca2ce026a5e911358beccf7aab69deb8474a1026d19da2"
  solver-name = "gps-cdcl"
  solver-version = 1
